
Microsoft Visual Studio Solution File, Format Version 12.00
# Visual Studio Version 17
VisualStudioVersion = 17.11.35327.3
MinimumVisualStudioVersion = 10.0.40219.1
Project("{FAE04EC0-301F-11D3-BF4B-00C04F79EFBC}") = "Практика_форма", "Практика_форма\Практика_форма.csproj", "{80BA924E-2CAD-4FE2-A86E-EE999AC36FB1}"
EndProject
Global
	GlobalSection(SolutionConfigurationPlatforms) = preSolution
		Debug|Any CPU = Debug|Any CPU
		Release|Any CPU = Release|Any CPU
	EndGlobalSection
	GlobalSection(ProjectConfigurationPlatforms) = postSolution
		{80BA924E-2CAD-4FE2-A86E-EE999AC36FB1}.Debug|Any CPU.ActiveCfg = Debug|Any CPU
		{80BA924E-2CAD-4FE2-A86E-EE999AC36FB1}.Debug|Any CPU.Build.0 = Debug|Any CPU
		{80BA924E-2CAD-4FE2-A86E-EE999AC36FB1}.Release|Any CPU.ActiveCfg = Release|Any CPU
		{80BA924E-2CAD-4FE2-A86E-EE999AC36FB1}.Release|Any CPU.Build.0 = Release|Any CPU
	EndGlobalSection
	GlobalSection(SolutionProperties) = preSolution
		HideSolutionNode = FALSE
	EndGlobalSection
	GlobalSection(ExtensibilityGlobals) = postSolution
		SolutionGuid = {D189E854-3312-452F-8167-6E781E71FF4B}
	EndGlobalSection
EndGlobal
