
Microsoft Visual Studio Solution File, Format Version 12.00
# Visual Studio Version 17
VisualStudioVersion = 17.7.34202.233
MinimumVisualStudioVersion = 10.0.40219.1
Project("{FAE04EC0-301F-11D3-BF4B-00C04F79EFBC}") = "WpfAppDataBase", "WpfAppDataBase\WpfAppDataBase.csproj", "{149DB08F-5C50-4E7F-B07E-D3BB6D7F6770}"
EndProject
Global
	GlobalSection(SolutionConfigurationPlatforms) = preSolution
		Debug|Any CPU = Debug|Any CPU
		Release|Any CPU = Release|Any CPU
	EndGlobalSection
	GlobalSection(ProjectConfigurationPlatforms) = postSolution
		{149DB08F-5C50-4E7F-B07E-D3BB6D7F6770}.Debug|Any CPU.ActiveCfg = Debug|Any CPU
		{149DB08F-5C50-4E7F-B07E-D3BB6D7F6770}.Debug|Any CPU.Build.0 = Debug|Any CPU
		{149DB08F-5C50-4E7F-B07E-D3BB6D7F6770}.Release|Any CPU.ActiveCfg = Release|Any CPU
		{149DB08F-5C50-4E7F-B07E-D3BB6D7F6770}.Release|Any CPU.Build.0 = Release|Any CPU
	EndGlobalSection
	GlobalSection(SolutionProperties) = preSolution
		HideSolutionNode = FALSE
	EndGlobalSection
	GlobalSection(ExtensibilityGlobals) = postSolution
		SolutionGuid = {C24162E8-E96F-4883-AD78-40CBA755F29E}
	EndGlobalSection
EndGlobal
